PODS:
  - Flutter (2.0.0)
  - pusher_websocket_flutter (0.1.1):
    - Flutter
    - PusherSwift (= 9.0)
  - PusherSwift (9.0.0):
    - ReachabilitySwift (~> 5.0)
  - ReachabilitySwift (5.0.0)

DEPENDENCIES:
  - pusher_websocket_flutter (from `.symlinks/plugins/pusher_websocket_flutter/ios`)
  - PusherSwift (~> 9.0)
  - ReachabilitySwift (~> 5.0)

SPEC REPOS:
  trunk:
    - Flutter
    - PusherSwift
    - ReachabilitySwift

EXTERNAL SOURCES:
  pusher_websocket_flutter:
    :path: ".symlinks/plugins/pusher_websocket_flutter/ios"

SPEC CHECKSUMS:
  Flutter: 1c17b7bc8cd10f9f85f9dbc56caee3074756daad
  pusher_websocket_flutter: 04a2f1c6255d61c31404c65c1552ebc3332c95f6
  PusherSwift: e96cb309780695bdfe93de54f610ba40beae97aa
  ReachabilitySwift: 985039c6f7b23a1da463388634119492ff86c825

PODFILE CHECKSUM: 01d98b27863150d01f968cbedc92982d61b23742

COCOAPODS: 1.10.1
